
Microsoft Visual Studio Solution File, Format Version 12.00
# Visual Studio Version 17
VisualStudioVersion = 17.7.34031.279
MinimumVisualStudioVersion = 10.0.40219.1
Project("{FAE04EC0-301F-11D3-BF4B-00C04F79EFBC}") = "PrimKyrs1", "PrimKyrs1\PrimKyrs1.csproj", "{3A6A60E5-CFD9-4303-95DB-74B0ED92E84E}"
EndProject
Global
	GlobalSection(SolutionConfigurationPlatforms) = preSolution
		Debug|Any CPU = Debug|Any CPU
		Release|Any CPU = Release|Any CPU
	EndGlobalSection
	GlobalSection(ProjectConfigurationPlatforms) = postSolution
		{3A6A60E5-CFD9-4303-95DB-74B0ED92E84E}.Debug|Any CPU.ActiveCfg = Debug|Any CPU
		{3A6A60E5-CFD9-4303-95DB-74B0ED92E84E}.Debug|Any CPU.Build.0 = Debug|Any CPU
		{3A6A60E5-CFD9-4303-95DB-74B0ED92E84E}.Release|Any CPU.ActiveCfg = Release|Any CPU
		{3A6A60E5-CFD9-4303-95DB-74B0ED92E84E}.Release|Any CPU.Build.0 = Release|Any CPU
	EndGlobalSection
	GlobalSection(SolutionProperties) = preSolution
		HideSolutionNode = FALSE
	EndGlobalSection
	GlobalSection(ExtensibilityGlobals) = postSolution
		SolutionGuid = {3E0B31BB-EBDC-4DCB-A056-4A69C1B77C9B}
	EndGlobalSection
EndGlobal
